// !$*UTF8*$!
{
	archiveVersion = 1;
	classes = {
	};
	objectVersion = 56;
	objects = {

/* Begin PBXBuildFile section */
		18E846062B67BA3A005E0DD2 /* AppDelegate.swift in Sources */ = {isa = PBXBuildFile; fileRef = 18E846052B67BA3A005E0DD2 /* AppDelegate.swift */; };
		18E846082B67BA3A005E0DD2 /* SceneDelegate.swift in Sources */ = {isa = PBXBuildFile; fileRef = 18E846072B67BA3A005E0DD2 /* SceneDelegate.swift */; };
		18E8460A2B67BA3A005E0DD2 /* ViewController.swift in Sources */ = {isa = PBXBuildFile; fileRef = 18E846092B67BA3A005E0DD2 /* ViewController.swift */; };
		18E8460D2B67BA3A005E0DD2 /* Main.storyboard in Resources */ = {isa = PBXBuildFile; fileRef = 18E8460B2B67BA3A005E0DD2 /* Main.storyboard */; };
		18E8460F2B67BA3E005E0DD2 /* Assets.xcassets in Resources */ = {isa = PBXBuildFile; fileRef = 18E8460E2B67BA3E005E0DD2 /* Assets.xcassets */; };
		18E846122B67BA3E005E0DD2 /* LaunchScreen.storyboard in Resources */ = {isa = PBXBuildFile; fileRef = 18E846102B67BA3E005E0DD2 /* LaunchScreen.storyboard */; };
		18E8461A2B67BA6B005E0DD2 /* Weather.swift in Sources */ = {isa = PBXBuildFile; fileRef = 18E846192B67BA6B005E0DD2 /* Weather.swift */; };
		18E8461C2B67BAA5005E0DD2 /* WeatherViewModel.swift in Sources */ = {isa = PBXBuildFile; fileRef = 18E8461B2B67BAA5005E0DD2 /* WeatherViewModel.swift */; };
		A28B63C7AFE960A9D0F18F03 /* Pods_Brief.framework in Frameworks */ = {isa = PBXBuildFile; fileRef = 5CE04C0B49835B8A53354CC0 /* Pods_Brief.framework */; };
/* End PBXBuildFile section */

/* Begin PBXFileReference section */
		18E846022B67BA3A005E0DD2 /* Brief.app */ = {isa = PBXFileReference; explicitFileType = wrapper.application; includeInIndex = 0; path = Brief.app; sourceTree = BUILT_PRODUCTS_DIR; };
		18E846052B67BA3A005E0DD2 /* AppDelegate.swift */ = {isa = PBXFileReference; lastKnownFileType = sourcecode.swift; path = AppDelegate.swift; sourceTree = "<group>"; };
		18E846072B67BA3A005E0DD2 /* SceneDelegate.swift */ = {isa = PBXFileReference; lastKnownFileType = sourcecode.swift; path = SceneDelegate.swift; sourceTree = "<group>"; };
		18E846092B67BA3A005E0DD2 /* ViewController.swift */ = {isa = PBXFileReference; lastKnownFileType = sourcecode.swift; path = ViewController.swift; sourceTree = "<group>"; };
		18E8460C2B67BA3A005E0DD2 /* Base */ = {isa = PBXFileReference; lastKnownFileType = file.storyboard; name = Base; path = Base.lproj/Main.storyboard; sourceTree = "<group>"; };
		18E8460E2B67BA3E005E0DD2 /* Assets.xcassets */ = {isa = PBXFileReference; lastKnownFileType = folder.assetcatalog; path = Assets.xcassets; sourceTree = "<group>"; };
		18E846112B67BA3E005E0DD2 /* Base */ = {isa = PBXFileReference; lastKnownFileType = file.storyboard; name = Base; path = Base.lproj/LaunchScreen.storyboard; sourceTree = "<group>"; };
		18E846132B67BA3E005E0DD2 /* Info.plist */ = {isa = PBXFileReference; lastKnownFileType = text.plist.xml; path = Info.plist; sourceTree = "<group>"; };
		18E846192B67BA6B005E0DD2 /* Weather.swift */ = {isa = PBXFileReference; lastKnownFileType = sourcecode.swift; path = Weather.swift; sourceTree = "<group>"; };
		18E8461B2B67BAA5005E0DD2 /* WeatherViewModel.swift */ = {isa = PBXFileReference; lastKnownFileType = sourcecode.swift; path = WeatherViewModel.swift; sourceTree = "<group>"; };
		2C3201F639685DAFDDE0503C /* Pods-Brief.release.xcconfig */ = {isa = PBXFileReference; includeInIndex = 1; lastKnownFileType = text.xcconfig; name = "Pods-Brief.release.xcconfig"; path = "Target Support Files/Pods-Brief/Pods-Brief.release.xcconfig"; sourceTree = "<group>"; };
		35AE8392DDD5D21C0FED36D6 /* Pods-Brief.debug.xcconfig */ = {isa = PBXFileReference; includeInIndex = 1; lastKnownFileType = text.xcconfig; name = "Pods-Brief.debug.xcconfig"; path = "Target Support Files/Pods-Brief/Pods-Brief.debug.xcconfig"; sourceTree = "<group>"; };
		5CE04C0B49835B8A53354CC0 /* Pods_Brief.framework */ = {isa = PBXFileReference; explicitFileType = wrapper.framework; includeInIndex = 0; path = Pods_Brief.framework; sourceTree = BUILT_PRODUCTS_DIR; };
/* End PBXFileReference section */

/* Begin PBXFrameworksBuildPhase section */
		18E845FF2B67BA3A005E0DD2 /* Frameworks */ = {
			isa = PBXFrameworksBuildPhase;
			buildActionMask = 2147483647;
			files = (
				A28B63C7AFE960A9D0F18F03 /* Pods_Brief.framework in Frameworks */,
			);
			runOnlyForDeploymentPostprocessing = 0;
		};
/* End PBXFrameworksBuildPhase section */

/* Begin PBXGroup section */
		14B84C4B2D799A4554335EE7 /* Frameworks */ = {
			isa = PBXGroup;
			children = (
				5CE04C0B49835B8A53354CC0 /* Pods_Brief.framework */,
			);
			name = Frameworks;
			sourceTree = "<group>";
		};
		18E845F92B67BA3A005E0DD2 = {
			isa = PBXGroup;
			children = (
				18E846042B67BA3A005E0DD2 /* Brief */,
				18E846032B67BA3A005E0DD2 /* Products */,
				339E1F5EB2DFE9B2922E63C0 /* Pods */,
				14B84C4B2D799A4554335EE7 /* Frameworks */,
			);
			sourceTree = "<group>";
		};
		18E846032B67BA3A005E0DD2 /* Products */ = {
			isa = PBXGroup;
			children = (
				18E846022B67BA3A005E0DD2 /* Brief.app */,
			);
			name = Products;
			sourceTree = "<group>";
		};
		18E846042B67BA3A005E0DD2 /* Brief */ = {
			isa = PBXGroup;
			children = (
				18E846052B67BA3A005E0DD2 /* AppDelegate.swift */,
				18E846072B67BA3A005E0DD2 /* SceneDelegate.swift */,
				18E846092B67BA3A005E0DD2 /* ViewController.swift */,
				18E846192B67BA6B005E0DD2 /* Weather.swift */,
				18E8461B2B67BAA5005E0DD2 /* WeatherViewModel.swift */,
				18E8460B2B67BA3A005E0DD2 /* Main.storyboard */,
				18E8460E2B67BA3E005E0DD2 /* Assets.xcassets */,
				18E846102B67BA3E005E0DD2 /* LaunchScreen.storyboard */,
				18E846132B67BA3E005E0DD2 /* Info.plist */,
			);
			path = Brief;
			sourceTree = "<group>";
		};
		339E1F5EB2DFE9B2922E63C0 /* Pods */ = {
			isa = PBXGroup;
			children = (
				35AE8392DDD5D21C0FED36D6 /* Pods-Brief.debug.xcconfig */,
				2C3201F639685DAFDDE0503C /* Pods-Brief.release.xcconfig */,
			);
			name = Pods;
			path = Pods;
			sourceTree = "<group>";
		};
/* End PBXGroup section */

/* Begin PBXNativeTarget section */
		18E846012B67BA3A005E0DD2 /* Brief */ = {
			isa = PBXNativeTarget;
			buildConfigurationList = 18E846162B67BA3E005E0DD2 /* Build configuration list for PBXNativeTarget "Brief" */;
			buildPhases = (
				1C1E2068CBC3E9AD42D10611 /* [CP] Check Pods Manifest.lock */,
				18E845FE2B67BA3A005E0DD2 /* Sources */,
				18E845FF2B67BA3A005E0DD2 /* Frameworks */,
				18E846002B67BA3A005E0DD2 /* Resources */,
				A2F9F553EF55A79035CB7155 /* [CP] Embed Pods Frameworks */,
			);
			buildRules = (
			);
			dependencies = (
			);
			name = Brief;
			productName = Brief;
			productReference = 18E846022B67BA3A005E0DD2 /* Brief.app */;
			productType = "com.apple.product-type.application";
		};
/* End PBXNativeTarget section */

/* Begin PBXProject section */
		18E845FA2B67BA3A005E0DD2 /* Project object */ = {
			isa = PBXProject;
			attributes = {
				BuildIndependentTargetsInParallel = 1;
				LastSwiftUpdateCheck = 1420;
				LastUpgradeCheck = 1420;
				TargetAttributes = {
					18E846012B67BA3A005E0DD2 = {
						CreatedOnToolsVersion = 14.2;
					};
				};
			};
			buildConfigurationList = 18E845FD2B67BA3A005E0DD2 /* Build configuration list for PBXProject "Brief" */;
			compatibilityVersion = "Xcode 14.0";
			developmentRegion = en;
			hasScannedForEncodings = 0;
			knownRegions = (
				en,
				Base,
			);
			mainGroup = 18E845F92B67BA3A005E0DD2;
			productRefGroup = 18E846032B67BA3A005E0DD2 /* Products */;
			projectDirPath = "";
			projectRoot = "";
			targets = (
				18E846012B67BA3A005E0DD2 /* Brief */,
			);
		};
/* End PBXProject section */

/* Begin PBXResourcesBuildPhase section */
		18E846002B67BA3A005E0DD2 /* Resources */ = {
			isa = PBXResourcesBuildPhase;
			buildActionMask = 2147483647;
			files = (
				18E846122B67BA3E005E0DD2 /* LaunchScreen.storyboard in Resources */,
				18E8460F2B67BA3E005E0DD2 /* Assets.xcassets in Resources */,
				18E8460D2B67BA3A005E0DD2 /* Main.storyboard in Resources */,
			);
			runOnlyForDeploymentPostprocessing = 0;
		};
/* End PBXResourcesBuildPhase section */

/* Begin PBXShellScriptBuildPhase section */
		1C1E2068CBC3E9AD42D10611 /* [CP] Check Pods Manifest.lock */ = {
			isa = PBXShellScriptBuildPhase;
			buildActionMask = 2147483647;
			files = (
			);
			inputFileListPaths = (
			);
			inputPaths = (
				"${PODS_PODFILE_DIR_PATH}/Podfile.lock",
				"${PODS_ROOT}/Manifest.lock",
			);
			name = "[CP] Check Pods Manifest.lock";
			outputFileListPaths = (
			);
			outputPaths = (
				"$(DERIVED_FILE_DIR)/Pods-Brief-checkManifestLockResult.txt",
			);
			runOnlyForDeploymentPostprocessing = 0;
			shellPath = /bin/sh;
			shellScript = "diff \"${PODS_PODFILE_DIR_PATH}/Podfile.lock\" \"${PODS_ROOT}/Manifest.lock\" > /dev/null\nif [ $? != 0 ] ; then\n    # print error to STDERR\n    echo \"error: The sandbox is not in sync with the Podfile.lock. Run 'pod install' or update your CocoaPods installation.\" >&2\n    exit 1\nfi\n# This output is used by Xcode 'outputs' to avoid re-running this script phase.\necho \"SUCCESS\" > \"${SCRIPT_OUTPUT_FILE_0}\"\n";
			showEnvVarsInLog = 0;
		};
		A2F9F553EF55A79035CB7155 /* [CP] Embed Pods Frameworks */ = {
			isa = PBXShellScriptBuildPhase;
			buildActionMask = 2147483647;
			files = (
			);
			inputFileListPaths = (
				"${PODS_ROOT}/Target Support Files/Pods-Brief/Pods-Brief-frameworks-${CONFIGURATION}-input-files.xcfilelist",
			);
			name = "[CP] Embed Pods Frameworks";
			outputFileListPaths = (
				"${PODS_ROOT}/Target Support Files/Pods-Brief/Pods-Brief-frameworks-${CONFIGURATION}-output-files.xcfilelist",
			);
			runOnlyForDeploymentPostprocessing = 0;
			shellPath = /bin/sh;
			shellScript = "\"${PODS_ROOT}/Target Support Files/Pods-Brief/Pods-Brief-frameworks.sh\"\n";
			showEnvVarsInLog = 0;
		};
/* End PBXShellScriptBuildPhase section */

/* Begin PBXSourcesBuildPhase section */
		18E845FE2B67BA3A005E0DD2 /* Sources */ = {
			isa = PBXSourcesBuildPhase;
			buildActionMask = 2147483647;
			files = (
				18E8461C2B67BAA5005E0DD2 /* WeatherViewModel.swift in Sources */,
				18E8461A2B67BA6B005E0DD2 /* Weather.swift in Sources */,
				18E8460A2B67BA3A005E0DD2 /* ViewController.swift in Sources */,
				18E846062B67BA3A005E0DD2 /* AppDelegate.swift in Sources */,
				18E846082B67BA3A005E0DD2 /* SceneDelegate.swift in Sources */,
			);
			runOnlyForDeploymentPostprocessing = 0;
		};
/* End PBXSourcesBuildPhase section */

/* Begin PBXVariantGroup section */
		18E8460B2B67BA3A005E0DD2 /* Main.storyboard */ = {
			isa = PBXVariantGroup;
			children = (
				18E8460C2B67BA3A005E0DD2 /* Base */,
			);
			name = Main.storyboard;
			sourceTree = "<group>";
		};
		18E846102B67BA3E005E0DD2 /* LaunchScreen.storyboard */ = {
			isa = PBXVariantGroup;
			children = (
				18E846112B67BA3E005E0DD2 /* Base */,
			);
			name = LaunchScreen.storyboard;
			sourceTree = "<group>";
		};
/* End PBXVariantGroup section */

/* Begin XCBuildConfiguration section */
		18E846142B67BA3E005E0DD2 /* Debug */ = {
			isa = XCBuildConfiguration;
			buildSettings = {
				ALWAYS_SEARCH_USER_PATHS = NO;
				CLANG_ANALYZER_NONNULL = YES;
				CLANG_ANALYZER_NUMBER_OBJECT_CONVERSION = YES_AGGRESSIVE;
				CLANG_CXX_LANGUAGE_STANDARD = "gnu++20";
				CLANG_ENABLE_MODULES = YES;
				CLANG_ENABLE_OBJC_ARC = YES;
				CLANG_ENABLE_OBJC_WEAK = YES;
				CLANG_WARN_BLOCK_CAPTURE_AUTORELEASING = YES;
				CLANG_WARN_BOOL_CONVERSION = YES;
				CLANG_WARN_COMMA = YES;
				CLANG_WARN_CONSTANT_CONVERSION = YES;
				CLANG_WARN_DEPRECATED_OBJC_IMPLEMENTATIONS = YES;
				CLANG_WARN_DIRECT_OBJC_ISA_USAGE = YES_ERROR;
				CLANG_WARN_DOCUMENTATION_COMMENTS = YES;
				CLANG_WARN_EMPTY_BODY = YES;
				CLANG_WARN_ENUM_CONVERSION = YES;
				CLANG_WARN_INFINITE_RECURSION = YES;
				CLANG_WARN_INT_CONVERSION = YES;
				CLANG_WARN_NON_LITERAL_NULL_CONVERSION = YES;
				CLANG_WARN_OBJC_IMPLICIT_RETAIN_SELF = YES;
				CLANG_WARN_OBJC_LITERAL_CONVERSION = YES;
				CLANG_WARN_OBJC_ROOT_CLASS = YES_ERROR;
				CLANG_WARN_QUOTED_INCLUDE_IN_FRAMEWORK_HEADER = YES;
				CLANG_WARN_RANGE_LOOP_ANALYSIS = YES;
				CLANG_WARN_STRICT_PROTOTYPES = YES;
				CLANG_WARN_SUSPICIOUS_MOVE = YES;
				CLANG_WARN_UNGUARDED_AVAILABILITY = YES_AGGRESSIVE;
				CLANG_WARN_UNREACHABLE_CODE = YES;
				CLANG_WARN__DUPLICATE_METHOD_MATCH = YES;
				COPY_PHASE_STRIP = NO;
				DEBUG_INFORMATION_FORMAT = dwarf;
				ENABLE_STRICT_OBJC_MSGSEND = YES;
				ENABLE_TESTABILITY = YES;
				GCC_C_LANGUAGE_STANDARD = gnu11;
				GCC_DYNAMIC_NO_PIC = NO;
				GCC_NO_COMMON_BLOCKS = YES;
				GCC_OPTIMIZATION_LEVEL = 0;
				GCC_PREPROCESSOR_DEFINITIONS = (
					"DEBUG=1",
					"$(inherited)",
				);
				GCC_WARN_64_TO_32_BIT_CONVERSION = YES;
				GCC_WARN_ABOUT_RETURN_TYPE = YES_ERROR;
				GCC_WARN_UNDECLARED_SELECTOR = YES;
				GCC_WARN_UNINITIALIZED_AUTOS = YES_AGGRESSIVE;
				GCC_WARN_UNUSED_FUNCTION = YES;
				GCC_WARN_UNUSED_VARIABLE = YES;
				IPHONEOS_DEPLOYMENT_TARGET = 16.2;
				MTL_ENABLE_DEBUG_INFO = INCLUDE_SOURCE;
				MTL_FAST_MATH = YES;
				ONLY_ACTIVE_ARCH = YES;
				SDKROOT = iphoneos;
				SWIFT_ACTIVE_COMPILATION_CONDITIONS = DEBUG;
				SWIFT_OPTIMIZATION_LEVEL = "-Onone";
			};
			name = Debug;
		};
		18E846152B67BA3E005E0DD2 /* Release */ = {
			isa = XCBuildConfiguration;
			buildSettings = {
				ALWAYS_SEARCH_USER_PATHS = NO;
				CLANG_ANALYZER_NONNULL = YES;
				CLANG_ANALYZER_NUMBER_OBJECT_CONVERSION = YES_AGGRESSIVE;
				CLANG_CXX_LANGUAGE_STANDARD = "gnu++20";
				CLANG_ENABLE_MODULES = YES;
				CLANG_ENABLE_OBJC_ARC = YES;
				CLANG_ENABLE_OBJC_WEAK = YES;
				CLANG_WARN_BLOCK_CAPTURE_AUTORELEASING = YES;
				CLANG_WARN_BOOL_CONVERSION = YES;
				CLANG_WARN_COMMA = YES;
				CLANG_WARN_CONSTANT_CONVERSION = YES;
				CLANG_WARN_DEPRECATED_OBJC_IMPLEMENTATIONS = YES;
				CLANG_WARN_DIRECT_OBJC_ISA_USAGE = YES_ERROR;
				CLANG_WARN_DOCUMENTATION_COMMENTS = YES;
				CLANG_WARN_EMPTY_BODY = YES;
				CLANG_WARN_ENUM_CONVERSION = YES;
				CLANG_WARN_INFINITE_RECURSION = YES;
				CLANG_WARN_INT_CONVERSION = YES;
				CLANG_WARN_NON_LITERAL_NULL_CONVERSION = YES;
				CLANG_WARN_OBJC_IMPLICIT_RETAIN_SELF = YES;
				CLANG_WARN_OBJC_LITERAL_CONVERSION = YES;
				CLANG_WARN_OBJC_ROOT_CLASS = YES_ERROR;
				CLANG_WARN_QUOTED_INCLUDE_IN_FRAMEWORK_HEADER = YES;
				CLANG_WARN_RANGE_LOOP_ANALYSIS = YES;
				CLANG_WARN_STRICT_PROTOTYPES = YES;
				CLANG_WARN_SUSPICIOUS_MOVE = YES;
				CLANG_WARN_UNGUARDED_AVAILABILITY = YES_AGGRESSIVE;
				CLANG_WARN_UNREACHABLE_CODE = YES;
				CLANG_WARN__DUPLICATE_METHOD_MATCH = YES;
				COPY_PHASE_STRIP = NO;
				DEBUG_INFORMATION_FORMAT = "dwarf-with-dsym";
				ENABLE_NS_ASSERTIONS = NO;
				ENABLE_STRICT_OBJC_MSGSEND = YES;
				GCC_C_LANGUAGE_STANDARD = gnu11;
				GCC_NO_COMMON_BLOCKS = YES;
				GCC_WARN_64_TO_32_BIT_CONVERSION = YES;
				GCC_WARN_ABOUT_RETURN_TYPE = YES_ERROR;
				GCC_WARN_UNDECLARED_SELECTOR = YES;
				GCC_WARN_UNINITIALIZED_AUTOS = YES_AGGRESSIVE;
				GCC_WARN_UNUSED_FUNCTION = YES;
				GCC_WARN_UNUSED_VARIABLE = YES;
				IPHONEOS_DEPLOYMENT_TARGET = 16.2;
				MTL_ENABLE_DEBUG_INFO = NO;
				MTL_FAST_MATH = YES;
				SDKROOT = iphoneos;
				SWIFT_COMPILATION_MODE = wholemodule;
				SWIFT_OPTIMIZATION_LEVEL = "-O";
				VALIDATE_PRODUCT = YES;
			};
			name = Release;
		};
		18E846172B67BA3E005E0DD2 /* Debug */ = {
			isa = XCBuildConfiguration;
			baseConfigurationReference = 35AE8392DDD5D21C0FED36D6 /* Pods-Brief.debug.xcconfig */;
			buildSettings = {
				ASSETCATALOG_COMPILER_APPICON_NAME = AppIcon;
				ASSETCATALOG_COMPILER_GLOBAL_ACCENT_COLOR_NAME = AccentColor;
				CODE_SIGN_STYLE = Automatic;
				CURRENT_PROJECT_VERSION = 1;
				GENERATE_INFOPLIST_FILE = YES;
				INFOPLIST_FILE = Brief/Info.plist;
				INFOPLIST_KEY_UIApplicationSupportsIndirectInputEvents = YES;
				INFOPLIST_KEY_UILaunchStoryboardName = LaunchScreen;
				INFOPLIST_KEY_UIMainStoryboardFile = Main;
				INFOPLIST_KEY_UISupportedInterfaceOrientations_iPad = "UIInterfaceOrientationPortrait UIInterfaceOrientationPortraitUpsideDown UIInterfaceOrientationLandscapeLeft UIInterfaceOrientationLandscapeRight";
				INFOPLIST_KEY_UISupportedInterfaceOrientations_iPhone = "UIInterfaceOrientationPortrait UIInterfaceOrientationLandscapeLeft UIInterfaceOrientationLandscapeRight";
				LD_RUNPATH_SEARCH_PATHS = (
					"$(inherited)",
					"@executable_path/Frameworks",
				);
				MARKETING_VERSION = 1.0;
				PRODUCT_BUNDLE_IDENTIFIER = Mallikharjuna.Brief;
				PRODUCT_NAME = "$(TARGET_NAME)";
				SWIFT_EMIT_LOC_STRINGS = YES;
				SWIFT_VERSION = 5.0;
				TARGETED_DEVICE_FAMILY = "1,2";
			};
			name = Debug;
		};
		18E846182B67BA3E005E0DD2 /* Release */ = {
			isa = XCBuildConfiguration;
			baseConfigurationReference = 2C3201F639685DAFDDE0503C /* Pods-Brief.release.xcconfig */;
			buildSettings = {
				ASSETCATALOG_COMPILER_APPICON_NAME = AppIcon;
				ASSETCATALOG_COMPILER_GLOBAL_ACCENT_COLOR_NAME = AccentColor;
				CODE_SIGN_STYLE = Automatic;
				CURRENT_PROJECT_VERSION = 1;
				GENERATE_INFOPLIST_FILE = YES;
				INFOPLIST_FILE = Brief/Info.plist;
				INFOPLIST_KEY_UIApplicationSupportsIndirectInputEvents = YES;
				INFOPLIST_KEY_UILaunchStoryboardName = LaunchScreen;
				INFOPLIST_KEY_UIMainStoryboardFile = Main;
				INFOPLIST_KEY_UISupportedInterfaceOrientations_iPad = "UIInterfaceOrientationPortrait UIInterfaceOrientationPortraitUpsideDown UIInterfaceOrientationLandscapeLeft UIInterfaceOrientationLandscapeRight";
				INFOPLIST_KEY_UISupportedInterfaceOrientations_iPhone = "UIInterfaceOrientationPortrait UIInterfaceOrientationLandscapeLeft UIInterfaceOrientationLandscapeRight";
				LD_RUNPATH_SEARCH_PATHS = (
					"$(inherited)",
					"@executable_path/Frameworks",
				);
				MARKETING_VERSION = 1.0;
				PRODUCT_BUNDLE_IDENTIFIER = Mallikharjuna.Brief;
				PRODUCT_NAME = "$(TARGET_NAME)";
				SWIFT_EMIT_LOC_STRINGS = YES;
				SWIFT_VERSION = 5.0;
				TARGETED_DEVICE_FAMILY = "1,2";
			};
			name = Release;
		};
/* End XCBuildConfiguration section */

/* Begin XCConfigurationList section */
		18E845FD2B67BA3A005E0DD2 /* Build configuration list for PBXProject "Brief" */ = {
			isa = XCConfigurationList;
			buildConfigurations = (
				18E846142B67BA3E005E0DD2 /* Debug */,
				18E846152B67BA3E005E0DD2 /* Release */,
			);
			defaultConfigurationIsVisible = 0;
			defaultConfigurationName = Release;
		};
		18E846162B67BA3E005E0DD2 /* Build configuration list for PBXNativeTarget "Brief" */ = {
			isa = XCConfigurationList;
			buildConfigurations = (
				18E846172B67BA3E005E0DD2 /* Debug */,
				18E846182B67BA3E005E0DD2 /* Release */,
			);
			defaultConfigurationIsVisible = 0;
			defaultConfigurationName = Release;
		};
/* End XCConfigurationList section */
	};
	rootObject = 18E845FA2B67BA3A005E0DD2 /* Project object */;
}
